// !$*UTF8*$!
{
	archiveVersion = 1;
	classes = {
	};
	objectVersion = 56;
	objects = {

/* Begin PBXBuildFile section */
		C00ECF622B734B0A007073AE /* Assets.xcassets in Resources */ = {isa = PBXBuildFile; fileRef = C00ECF612B734B0A007073AE /* Assets.xcassets */; };
		C00ECF652B734D97007073AE /* Localizable.strings in Resources */ = {isa = PBXBuildFile; fileRef = C00ECF672B734D97007073AE /* Localizable.strings */; };
		C00ECF6C2B735419007073AE /* LandscapeGreetingsView.swift in Sources */ = {isa = PBXBuildFile; fileRef = C00ECF6B2B735419007073AE /* LandscapeGreetingsView.swift */; };
		C00ECF6E2B735513007073AE /* GreetingsTextView.swift in Sources */ = {isa = PBXBuildFile; fileRef = C00ECF6D2B735513007073AE /* GreetingsTextView.swift */; };
		C00ECF702B7357E7007073AE /* RotatableCircleView.swift in Sources */ = {isa = PBXBuildFile; fileRef = C00ECF6F2B7357E7007073AE /* RotatableCircleView.swift */; };
		C00ECF722B7358A8007073AE /* VerticalTitleView.swift in Sources */ = {isa = PBXBuildFile; fileRef = C00ECF712B7358A8007073AE /* VerticalTitleView.swift */; };
		C00ECF742B739B37007073AE /* MainView.swift in Sources */ = {isa = PBXBuildFile; fileRef = C00ECF732B739B37007073AE /* MainView.swift */; };
		C00ECF762B73A206007073AE /* LanguageOptionsView.swift in Sources */ = {isa = PBXBuildFile; fileRef = C00ECF752B73A206007073AE /* LanguageOptionsView.swift */; };
		C00ECF782B73A25E007073AE /* Constants.swift in Sources */ = {isa = PBXBuildFile; fileRef = C00ECF772B73A25E007073AE /* Constants.swift */; };
		C00ECF7D2B73ADC5007073AE /* GreetingTip.swift in Sources */ = {isa = PBXBuildFile; fileRef = C00ECF7C2B73ADC5007073AE /* GreetingTip.swift */; };
		C00ED3DC2B73D57E007073AE /* LanguageOptionsTapView.swift in Sources */ = {isa = PBXBuildFile; fileRef = C00ED3DB2B73D57E007073AE /* LanguageOptionsTapView.swift */; };
		C00ED3E42B73D7BD007073AE /* Greetings_MacApp.swift in Sources */ = {isa = PBXBuildFile; fileRef = C00ED3E32B73D7BC007073AE /* Greetings_MacApp.swift */; };
		C00ED3E62B73D7BD007073AE /* ContentView.swift in Sources */ = {isa = PBXBuildFile; fileRef = C00ED3E52B73D7BD007073AE /* ContentView.swift */; };
		C00ED3E82B73D7BE007073AE /* Assets.xcassets in Resources */ = {isa = PBXBuildFile; fileRef = C00ED3E72B73D7BE007073AE /* Assets.xcassets */; };
		C00ED3EB2B73D7BE007073AE /* Preview Assets.xcassets in Resources */ = {isa = PBXBuildFile; fileRef = C00ED3EA2B73D7BE007073AE /* Preview Assets.xcassets */; };
		C00ED3F02B73D89F007073AE /* Assets.xcassets in Resources */ = {isa = PBXBuildFile; fileRef = C00ECF612B734B0A007073AE /* Assets.xcassets */; };
		C00ED3F12B73D8A4007073AE /* Constants.swift in Sources */ = {isa = PBXBuildFile; fileRef = C00ECF772B73A25E007073AE /* Constants.swift */; };
		C00ED3F22B73D8E6007073AE /* LanguageOptionsTapView.swift in Sources */ = {isa = PBXBuildFile; fileRef = C00ED3DB2B73D57E007073AE /* LanguageOptionsTapView.swift */; };
		C00ED3F32B73D8EA007073AE /* RotatableCircleView.swift in Sources */ = {isa = PBXBuildFile; fileRef = C00ECF6F2B7357E7007073AE /* RotatableCircleView.swift */; };
		C00ED3F42B73D8ED007073AE /* TextView.swift in Sources */ = {isa = PBXBuildFile; fileRef = C0C5C60B2B726716003E3570 /* TextView.swift */; };
		C00ED3F52B73D8F1007073AE /* GreetingsView.swift in Sources */ = {isa = PBXBuildFile; fileRef = C0C5C5FE2B725FF5003E3570 /* GreetingsView.swift */; };
		C00ED3F62B73D8F4007073AE /* LanguageOptionsView.swift in Sources */ = {isa = PBXBuildFile; fileRef = C00ECF752B73A206007073AE /* LanguageOptionsView.swift */; };
		C00ED3F72B73D8F6007073AE /* GreetingsTextView.swift in Sources */ = {isa = PBXBuildFile; fileRef = C00ECF6D2B735513007073AE /* GreetingsTextView.swift */; };
		C00ED3F82B73D8F9007073AE /* LandscapeGreetingsView.swift in Sources */ = {isa = PBXBuildFile; fileRef = C00ECF6B2B735419007073AE /* LandscapeGreetingsView.swift */; };
		C00ED3F92B73D8FD007073AE /* BackgroundView.swift in Sources */ = {isa = PBXBuildFile; fileRef = C0C5C6152B72821F003E3570 /* BackgroundView.swift */; };
		C00ED3FA2B73D901007073AE /* MessagesView.swift in Sources */ = {isa = PBXBuildFile; fileRef = C0C5C6112B727942003E3570 /* MessagesView.swift */; };
		C00ED3FC2B73D907007073AE /* VerticalTitleView.swift in Sources */ = {isa = PBXBuildFile; fileRef = C00ECF712B7358A8007073AE /* VerticalTitleView.swift */; };
		C00ED3FE2B73D91D007073AE /* DataItemModel.swift in Sources */ = {isa = PBXBuildFile; fileRef = C0C5C60D2B726A73003E3570 /* DataItemModel.swift */; };
		C00ED3FF2B73D921007073AE /* Localizable.strings in Resources */ = {isa = PBXBuildFile; fileRef = C00ECF672B734D97007073AE /* Localizable.strings */; };
		C00ED4012B73D9CB007073AE /* MainView.swift in Sources */ = {isa = PBXBuildFile; fileRef = C00ED4002B73D9CB007073AE /* MainView.swift */; };
		C00ED4022B73DAF6007073AE /* TitleView.swift in Sources */ = {isa = PBXBuildFile; fileRef = C0C5C60F2B7278FF003E3570 /* TitleView.swift */; };
		C00ED4032B73DCBA007073AE /* GreetingTip.swift in Sources */ = {isa = PBXBuildFile; fileRef = C00ECF7C2B73ADC5007073AE /* GreetingTip.swift */; };
		C0C5C5FD2B725FF5003E3570 /* GreetingsApp.swift in Sources */ = {isa = PBXBuildFile; fileRef = C0C5C5FC2B725FF5003E3570 /* GreetingsApp.swift */; };
		C0C5C5FF2B725FF5003E3570 /* GreetingsView.swift in Sources */ = {isa = PBXBuildFile; fileRef = C0C5C5FE2B725FF5003E3570 /* GreetingsView.swift */; };
		C0C5C6052B725FF7003E3570 /* Preview Assets.xcassets in Resources */ = {isa = PBXBuildFile; fileRef = C0C5C6042B725FF7003E3570 /* Preview Assets.xcassets */; };
		C0C5C60C2B726716003E3570 /* TextView.swift in Sources */ = {isa = PBXBuildFile; fileRef = C0C5C60B2B726716003E3570 /* TextView.swift */; };
		C0C5C60E2B726A73003E3570 /* DataItemModel.swift in Sources */ = {isa = PBXBuildFile; fileRef = C0C5C60D2B726A73003E3570 /* DataItemModel.swift */; };
		C0C5C6102B7278FF003E3570 /* TitleView.swift in Sources */ = {isa = PBXBuildFile; fileRef = C0C5C60F2B7278FF003E3570 /* TitleView.swift */; };
		C0C5C6122B727942003E3570 /* MessagesView.swift in Sources */ = {isa = PBXBuildFile; fileRef = C0C5C6112B727942003E3570 /* MessagesView.swift */; };
		C0C5C6162B72821F003E3570 /* BackgroundView.swift in Sources */ = {isa = PBXBuildFile; fileRef = C0C5C6152B72821F003E3570 /* BackgroundView.swift */; };
		C0D56D5B2B73473A00070F6D /* Launch Screen.storyboard in Resources */ = {isa = PBXBuildFile; fileRef = C0D56D5A2B73473A00070F6D /* Launch Screen.storyboard */; };
/* End PBXBuildFile section */

/* Begin PBXFileReference section */
		C00ECF612B734B0A007073AE /* Assets.xcassets */ = {isa = PBXFileReference; lastKnownFileType = folder.assetcatalog; path = Assets.xcassets; sourceTree = "<group>"; };
		C00ECF662B734D97007073AE /* en */ = {isa = PBXFileReference; lastKnownFileType = text.plist.strings; name = en; path = en.lproj/Localizable.strings; sourceTree = "<group>"; };
		C00ECF682B734EB4007073AE /* es */ = {isa = PBXFileReference; lastKnownFileType = text.plist.strings; name = es; path = es.lproj/Localizable.strings; sourceTree = "<group>"; };
		C00ECF6B2B735419007073AE /* LandscapeGreetingsView.swift */ = {isa = PBXFileReference; lastKnownFileType = sourcecode.swift; path = LandscapeGreetingsView.swift; sourceTree = "<group>"; };
		C00ECF6D2B735513007073AE /* GreetingsTextView.swift */ = {isa = PBXFileReference; lastKnownFileType = sourcecode.swift; path = GreetingsTextView.swift; sourceTree = "<group>"; };
		C00ECF6F2B7357E7007073AE /* RotatableCircleView.swift */ = {isa = PBXFileReference; lastKnownFileType = sourcecode.swift; path = RotatableCircleView.swift; sourceTree = "<group>"; };
		C00ECF712B7358A8007073AE /* VerticalTitleView.swift */ = {isa = PBXFileReference; lastKnownFileType = sourcecode.swift; path = VerticalTitleView.swift; sourceTree = "<group>"; };
		C00ECF732B739B37007073AE /* MainView.swift */ = {isa = PBXFileReference; lastKnownFileType = sourcecode.swift; path = MainView.swift; sourceTree = "<group>"; };
		C00ECF752B73A206007073AE /* LanguageOptionsView.swift */ = {isa = PBXFileReference; lastKnownFileType = sourcecode.swift; path = LanguageOptionsView.swift; sourceTree = "<group>"; };
		C00ECF772B73A25E007073AE /* Constants.swift */ = {isa = PBXFileReference; lastKnownFileType = sourcecode.swift; path = Constants.swift; sourceTree = "<group>"; };
		C00ECF792B73A479007073AE /* ar */ = {isa = PBXFileReference; lastKnownFileType = text.plist.strings; name = ar; path = ar.lproj/Localizable.strings; sourceTree = "<group>"; };
		C00ECF7A2B73A480007073AE /* he */ = {isa = PBXFileReference; lastKnownFileType = text.plist.strings; name = he; path = he.lproj/Localizable.strings; sourceTree = "<group>"; };
		C00ECF7C2B73ADC5007073AE /* GreetingTip.swift */ = {isa = PBXFileReference; lastKnownFileType = sourcecode.swift; name = GreetingTip.swift; path = ../../../../../../Desktop/GreetingTip.swift; sourceTree = "<group>"; };
		C00ED3DB2B73D57E007073AE /* LanguageOptionsTapView.swift */ = {isa = PBXFileReference; lastKnownFileType = sourcecode.swift; path = LanguageOptionsTapView.swift; sourceTree = "<group>"; };
		C00ED3E12B73D7BC007073AE /* Greetings_Mac.app */ = {isa = PBXFileReference; explicitFileType = wrapper.application; includeInIndex = 0; path = Greetings_Mac.app; sourceTree = BUILT_PRODUCTS_DIR; };
		C00ED3E32B73D7BC007073AE /* Greetings_MacApp.swift */ = {isa = PBXFileReference; lastKnownFileType = sourcecode.swift; path = Greetings_MacApp.swift; sourceTree = "<group>"; };
		C00ED3E52B73D7BD007073AE /* ContentView.swift */ = {isa = PBXFileReference; lastKnownFileType = sourcecode.swift; path = ContentView.swift; sourceTree = "<group>"; };
		C00ED3E72B73D7BE007073AE /* Assets.xcassets */ = {isa = PBXFileReference; lastKnownFileType = folder.assetcatalog; path = Assets.xcassets; sourceTree = "<group>"; };
		C00ED3EA2B73D7BE007073AE /* Preview Assets.xcassets */ = {isa = PBXFileReference; lastKnownFileType = folder.assetcatalog; path = "Preview Assets.xcassets"; sourceTree = "<group>"; };
		C00ED4002B73D9CB007073AE /* MainView.swift */ = {isa = PBXFileReference; lastKnownFileType = sourcecode.swift; path = MainView.swift; sourceTree = "<group>"; };
		C0C5C5F92B725FF5003E3570 /* Greetings.app */ = {isa = PBXFileReference; explicitFileType = wrapper.application; includeInIndex = 0; path = Greetings.app; sourceTree = BUILT_PRODUCTS_DIR; };
		C0C5C5FC2B725FF5003E3570 /* GreetingsApp.swift */ = {isa = PBXFileReference; lastKnownFileType = sourcecode.swift; path = GreetingsApp.swift; sourceTree = "<group>"; };
		C0C5C5FE2B725FF5003E3570 /* GreetingsView.swift */ = {isa = PBXFileReference; lastKnownFileType = sourcecode.swift; path = GreetingsView.swift; sourceTree = "<group>"; };
		C0C5C6022B725FF7003E3570 /* Greetings.entitlements */ = {isa = PBXFileReference; lastKnownFileType = text.plist.entitlements; path = Greetings.entitlements; sourceTree = "<group>"; };
		C0C5C6042B725FF7003E3570 /* Preview Assets.xcassets */ = {isa = PBXFileReference; lastKnownFileType = folder.assetcatalog; path = "Preview Assets.xcassets"; sourceTree = "<group>"; };
		C0C5C60B2B726716003E3570 /* TextView.swift */ = {isa = PBXFileReference; lastKnownFileType = sourcecode.swift; path = TextView.swift; sourceTree = "<group>"; };
		C0C5C60D2B726A73003E3570 /* DataItemModel.swift */ = {isa = PBXFileReference; lastKnownFileType = sourcecode.swift; path = DataItemModel.swift; sourceTree = "<group>"; };
		C0C5C60F2B7278FF003E3570 /* TitleView.swift */ = {isa = PBXFileReference; lastKnownFileType = sourcecode.swift; path = TitleView.swift; sourceTree = "<group>"; };
		C0C5C6112B727942003E3570 /* MessagesView.swift */ = {isa = PBXFileReference; lastKnownFileType = sourcecode.swift; path = MessagesView.swift; sourceTree = "<group>"; };
		C0C5C6152B72821F003E3570 /* BackgroundView.swift */ = {isa = PBXFileReference; lastKnownFileType = sourcecode.swift; path = BackgroundView.swift; sourceTree = "<group>"; };
		C0D56D5A2B73473A00070F6D /* Launch Screen.storyboard */ = {isa = PBXFileReference; lastKnownFileType = file.storyboard; path = "Launch Screen.storyboard"; sourceTree = "<group>"; };
/* End PBXFileReference section */

/* Begin PBXFrameworksBuildPhase section */
		C00ED3DE2B73D7BC007073AE /* Frameworks */ = {
			isa = PBXFrameworksBuildPhase;
			buildActionMask = 2147483647;
			files = (
			);
			runOnlyForDeploymentPostprocessing = 0;
		};
		C0C5C5F62B725FF5003E3570 /* Frameworks */ = {
			isa = PBXFrameworksBuildPhase;
			buildActionMask = 2147483647;
			files = (
			);
			runOnlyForDeploymentPostprocessing = 0;
		};
/* End PBXFrameworksBuildPhase section */

/* Begin PBXGroup section */
		C00ECF692B73530B007073AE /* Model */ = {
			isa = PBXGroup;
			children = (
				C0C5C60D2B726A73003E3570 /* DataItemModel.swift */,
			);
			path = Model;
			sourceTree = "<group>";
		};
		C00ECF6A2B73531E007073AE /* Views */ = {
			isa = PBXGroup;
			children = (
				C00ED3DB2B73D57E007073AE /* LanguageOptionsTapView.swift */,
				C00ECF6F2B7357E7007073AE /* RotatableCircleView.swift */,
				C0C5C60B2B726716003E3570 /* TextView.swift */,
				C0C5C5FE2B725FF5003E3570 /* GreetingsView.swift */,
				C00ECF752B73A206007073AE /* LanguageOptionsView.swift */,
				C00ECF6D2B735513007073AE /* GreetingsTextView.swift */,
				C00ECF6B2B735419007073AE /* LandscapeGreetingsView.swift */,
				C0C5C6152B72821F003E3570 /* BackgroundView.swift */,
				C0C5C6112B727942003E3570 /* MessagesView.swift */,
				C0C5C60F2B7278FF003E3570 /* TitleView.swift */,
				C00ECF712B7358A8007073AE /* VerticalTitleView.swift */,
			);
			path = Views;
			sourceTree = "<group>";
		};
		C00ECF7B2B73ADB2007073AE /* Tips */ = {
			isa = PBXGroup;
			children = (
				C00ECF7C2B73ADC5007073AE /* GreetingTip.swift */,
			);
			path = Tips;
			sourceTree = "<group>";
		};
		C00ED3E22B73D7BC007073AE /* Greetings_Mac */ = {
			isa = PBXGroup;
			children = (
				C00ED3E32B73D7BC007073AE /* Greetings_MacApp.swift */,
				C00ED4002B73D9CB007073AE /* MainView.swift */,
				C00ED3E52B73D7BD007073AE /* ContentView.swift */,
				C00ED3E72B73D7BE007073AE /* Assets.xcassets */,
				C00ED3E92B73D7BE007073AE /* Preview Content */,
			);
			path = Greetings_Mac;
			sourceTree = "<group>";
		};
		C00ED3E92B73D7BE007073AE /* Preview Content */ = {
			isa = PBXGroup;
			children = (
				C00ED3EA2B73D7BE007073AE /* Preview Assets.xcassets */,
			);
			path = "Preview Content";
			sourceTree = "<group>";
		};
		C00ED3EF2B73D7DE007073AE /* Shared */ = {
			isa = PBXGroup;
			children = (
				C00ECF612B734B0A007073AE /* Assets.xcassets */,
				C00ECF772B73A25E007073AE /* Constants.swift */,
				C00ECF6A2B73531E007073AE /* Views */,
				C00ECF7B2B73ADB2007073AE /* Tips */,
				C00ECF692B73530B007073AE /* Model */,
				C00ECF672B734D97007073AE /* Localizable.strings */,
			);
			path = Shared;
			sourceTree = "<group>";
		};
		C0C5C5F02B725FF5003E3570 = {
			isa = PBXGroup;
			children = (
				C00ED3EF2B73D7DE007073AE /* Shared */,
				C0C5C5FB2B725FF5003E3570 /* Greetings */,
				C00ED3E22B73D7BC007073AE /* Greetings_Mac */,
				C0C5C5FA2B725FF5003E3570 /* Products */,
			);
			sourceTree = "<group>";
		};
		C0C5C5FA2B725FF5003E3570 /* Products */ = {
			isa = PBXGroup;
			children = (
				C0C5C5F92B725FF5003E3570 /* Greetings.app */,
				C00ED3E12B73D7BC007073AE /* Greetings_Mac.app */,
			);
			name = Products;
			sourceTree = "<group>";
		};
		C0C5C5FB2B725FF5003E3570 /* Greetings */ = {
			isa = PBXGroup;
			children = (
				C0C5C5FC2B725FF5003E3570 /* GreetingsApp.swift */,
				C00ECF732B739B37007073AE /* MainView.swift */,
				C0D56D5A2B73473A00070F6D /* Launch Screen.storyboard */,
				C0C5C6022B725FF7003E3570 /* Greetings.entitlements */,
				C0C5C6032B725FF7003E3570 /* Preview Content */,
			);
			path = Greetings;
			sourceTree = "<group>";
		};
		C0C5C6032B725FF7003E3570 /* Preview Content */ = {
			isa = PBXGroup;
			children = (
				C0C5C6042B725FF7003E3570 /* Preview Assets.xcassets */,
			);
			path = "Preview Content";
			sourceTree = "<group>";
		};
/* End PBXGroup section */

/* Begin PBXNativeTarget section */
		C00ED3E02B73D7BC007073AE /* Greetings_Mac */ = {
			isa = PBXNativeTarget;
			buildConfigurationList = C00ED3EC2B73D7BE007073AE /* Build configuration list for PBXNativeTarget "Greetings_Mac" */;
			buildPhases = (
				C00ED3DD2B73D7BC007073AE /* Sources */,
				C00ED3DE2B73D7BC007073AE /* Frameworks */,
				C00ED3DF2B73D7BC007073AE /* Resources */,
			);
			buildRules = (
			);
			dependencies = (
			);
			name = Greetings_Mac;
			productName = Greetings_Mac;
			productReference = C00ED3E12B73D7BC007073AE /* Greetings_Mac.app */;
			productType = "com.apple.product-type.application";
		};
		C0C5C5F82B725FF5003E3570 /* Greetings */ = {
			isa = PBXNativeTarget;
			buildConfigurationList = C0C5C6082B725FF7003E3570 /* Build configuration list for PBXNativeTarget "Greetings" */;
			buildPhases = (
				C0C5C5F52B725FF5003E3570 /* Sources */,
				C0C5C5F62B725FF5003E3570 /* Frameworks */,
				C0C5C5F72B725FF5003E3570 /* Resources */,
			);
			buildRules = (
			);
			dependencies = (
			);
			name = Greetings;
			productName = Greetings;
			productReference = C0C5C5F92B725FF5003E3570 /* Greetings.app */;
			productType = "com.apple.product-type.application";
		};
/* End PBXNativeTarget section */

/* Begin PBXProject section */
		C0C5C5F12B725FF5003E3570 /* Project object */ = {
			isa = PBXProject;
			attributes = {
				BuildIndependentTargetsInParallel = 1;
				LastSwiftUpdateCheck = 1520;
				LastUpgradeCheck = 1520;
				TargetAttributes = {
					C00ED3E02B73D7BC007073AE = {
						CreatedOnToolsVersion = 15.2;
					};
					C0C5C5F82B725FF5003E3570 = {
						CreatedOnToolsVersion = 15.2;
					};
				};
			};
			buildConfigurationList = C0C5C5F42B725FF5003E3570 /* Build configuration list for PBXProject "Greetings" */;
			compatibilityVersion = "Xcode 14.0";
			developmentRegion = en;
			hasScannedForEncodings = 0;
			knownRegions = (
				en,
				Base,
				es,
				ar,
				he,
			);
			mainGroup = C0C5C5F02B725FF5003E3570;
			productRefGroup = C0C5C5FA2B725FF5003E3570 /* Products */;
			projectDirPath = "";
			projectRoot = "";
			targets = (
				C0C5C5F82B725FF5003E3570 /* Greetings */,
				C00ED3E02B73D7BC007073AE /* Greetings_Mac */,
			);
		};
/* End PBXProject section */

/* Begin PBXResourcesBuildPhase section */
		C00ED3DF2B73D7BC007073AE /* Resources */ = {
			isa = PBXResourcesBuildPhase;
			buildActionMask = 2147483647;
			files = (
				C00ED3EB2B73D7BE007073AE /* Preview Assets.xcassets in Resources */,
				C00ED3FF2B73D921007073AE /* Localizable.strings in Resources */,
				C00ED3F02B73D89F007073AE /* Assets.xcassets in Resources */,
				C00ED3E82B73D7BE007073AE /* Assets.xcassets in Resources */,
			);
			runOnlyForDeploymentPostprocessing = 0;
		};
		C0C5C5F72B725FF5003E3570 /* Resources */ = {
			isa = PBXResourcesBuildPhase;
			buildActionMask = 2147483647;
			files = (
				C0D56D5B2B73473A00070F6D /* Launch Screen.storyboard in Resources */,
				C00ECF652B734D97007073AE /* Localizable.strings in Resources */,
				C00ECF622B734B0A007073AE /* Assets.xcassets in Resources */,
				C0C5C6052B725FF7003E3570 /* Preview Assets.xcassets in Resources */,
			);
			runOnlyForDeploymentPostprocessing = 0;
		};
/* End PBXResourcesBuildPhase section */

/* Begin PBXSourcesBuildPhase section */
		C00ED3DD2B73D7BC007073AE /* Sources */ = {
			isa = PBXSourcesBuildPhase;
			buildActionMask = 2147483647;
			files = (
				C00ED3E62B73D7BD007073AE /* ContentView.swift in Sources */,
				C00ED3E42B73D7BD007073AE /* Greetings_MacApp.swift in Sources */,
				C00ED3F92B73D8FD007073AE /* BackgroundView.swift in Sources */,
				C00ED3F72B73D8F6007073AE /* GreetingsTextView.swift in Sources */,
				C00ED3F12B73D8A4007073AE /* Constants.swift in Sources */,
				C00ED3F42B73D8ED007073AE /* TextView.swift in Sources */,
				C00ED3F32B73D8EA007073AE /* RotatableCircleView.swift in Sources */,
				C00ED4022B73DAF6007073AE /* TitleView.swift in Sources */,
				C00ED3FE2B73D91D007073AE /* DataItemModel.swift in Sources */,
				C00ED4032B73DCBA007073AE /* GreetingTip.swift in Sources */,
				C00ED3F22B73D8E6007073AE /* LanguageOptionsTapView.swift in Sources */,
				C00ED3FA2B73D901007073AE /* MessagesView.swift in Sources */,
				C00ED4012B73D9CB007073AE /* MainView.swift in Sources */,
				C00ED3F52B73D8F1007073AE /* GreetingsView.swift in Sources */,
				C00ED3F62B73D8F4007073AE /* LanguageOptionsView.swift in Sources */,
				C00ED3F82B73D8F9007073AE /* LandscapeGreetingsView.swift in Sources */,
				C00ED3FC2B73D907007073AE /* VerticalTitleView.swift in Sources */,
			);
			runOnlyForDeploymentPostprocessing = 0;
		};
		C0C5C5F52B725FF5003E3570 /* Sources */ = {
			isa = PBXSourcesBuildPhase;
			buildActionMask = 2147483647;
			files = (
				C0C5C60E2B726A73003E3570 /* DataItemModel.swift in Sources */,
				C00ECF742B739B37007073AE /* MainView.swift in Sources */,
				C00ECF7D2B73ADC5007073AE /* GreetingTip.swift in Sources */,
				C0C5C60C2B726716003E3570 /* TextView.swift in Sources */,
				C00ECF6E2B735513007073AE /* GreetingsTextView.swift in Sources */,
				C00ECF702B7357E7007073AE /* RotatableCircleView.swift in Sources */,
				C0C5C6122B727942003E3570 /* MessagesView.swift in Sources */,
				C00ED3DC2B73D57E007073AE /* LanguageOptionsTapView.swift in Sources */,
				C0C5C6162B72821F003E3570 /* BackgroundView.swift in Sources */,
				C0C5C5FF2B725FF5003E3570 /* GreetingsView.swift in Sources */,
				C00ECF6C2B735419007073AE /* LandscapeGreetingsView.swift in Sources */,
				C00ECF762B73A206007073AE /* LanguageOptionsView.swift in Sources */,
				C0C5C5FD2B725FF5003E3570 /* GreetingsApp.swift in Sources */,
				C00ECF782B73A25E007073AE /* Constants.swift in Sources */,
				C00ECF722B7358A8007073AE /* VerticalTitleView.swift in Sources */,
				C0C5C6102B7278FF003E3570 /* TitleView.swift in Sources */,
			);
			runOnlyForDeploymentPostprocessing = 0;
		};
/* End PBXSourcesBuildPhase section */

/* Begin PBXVariantGroup section */
		C00ECF672B734D97007073AE /* Localizable.strings */ = {
			isa = PBXVariantGroup;
			children = (
				C00ECF662B734D97007073AE /* en */,
				C00ECF682B734EB4007073AE /* es */,
				C00ECF792B73A479007073AE /* ar */,
				C00ECF7A2B73A480007073AE /* he */,
			);
			name = Localizable.strings;
			sourceTree = "<group>";
		};
/* End PBXVariantGroup section */

/* Begin XCBuildConfiguration section */
		C00ED3ED2B73D7BE007073AE /* Debug */ = {
			isa = XCBuildConfiguration;
			buildSettings = {
				ASSETCATALOG_COMPILER_APPICON_NAME = AppIcon;
				ASSETCATALOG_COMPILER_GLOBAL_ACCENT_COLOR_NAME = AccentColor;
				CODE_SIGN_STYLE = Manual;
				CURRENT_PROJECT_VERSION = 1;
				DEVELOPMENT_ASSET_PATHS = "\"Greetings_Mac/Preview Content\"";
				DEVELOPMENT_TEAM = "";
				ENABLE_PREVIEWS = YES;
				GENERATE_INFOPLIST_FILE = YES;
				INFOPLIST_KEY_UIApplicationSceneManifest_Generation = YES;
				INFOPLIST_KEY_UIApplicationSupportsIndirectInputEvents = YES;
				INFOPLIST_KEY_UILaunchScreen_Generation = YES;
				INFOPLIST_KEY_UISupportedInterfaceOrientations_iPad = "UIInterfaceOrientationPortrait UIInterfaceOrientationPortraitUpsideDown UIInterfaceOrientationLandscapeLeft UIInterfaceOrientationLandscapeRight";
				INFOPLIST_KEY_UISupportedInterfaceOrientations_iPhone = "UIInterfaceOrientationPortrait UIInterfaceOrientationLandscapeLeft UIInterfaceOrientationLandscapeRight";
				IPHONEOS_DEPLOYMENT_TARGET = 17.2;
				LD_RUNPATH_SEARCH_PATHS = (
					"$(inherited)",
					"@executable_path/Frameworks",
				);
				MACOSX_DEPLOYMENT_TARGET = 13.5;
				MARKETING_VERSION = 1.0;
				PRODUCT_BUNDLE_IDENTIFIER = "alancasasarevalo-gmail.com.Greetings-Mac";
				PRODUCT_NAME = "$(TARGET_NAME)";
				PROVISIONING_PROFILE_SPECIFIER = "";
				SDKROOT = iphoneos;
				SUPPORTED_PLATFORMS = macosx;
				SUPPORTS_MACCATALYST = NO;
				SUPPORTS_MAC_DESIGNED_FOR_IPHONE_IPAD = NO;
				SUPPORTS_XR_DESIGNED_FOR_IPHONE_IPAD = NO;
				SWIFT_EMIT_LOC_STRINGS = YES;
				SWIFT_VERSION = 5.0;
			};
			name = Debug;
		};
		C00ED3EE2B73D7BE007073AE /* Release */ = {
			isa = XCBuildConfiguration;
			buildSettings = {
				ASSETCATALOG_COMPILER_APPICON_NAME = AppIcon;
				ASSETCATALOG_COMPILER_GLOBAL_ACCENT_COLOR_NAME = AccentColor;
				CODE_SIGN_STYLE = Manual;
				CURRENT_PROJECT_VERSION = 1;
				DEVELOPMENT_ASSET_PATHS = "\"Greetings_Mac/Preview Content\"";
				DEVELOPMENT_TEAM = "";
				ENABLE_PREVIEWS = YES;
				GENERATE_INFOPLIST_FILE = YES;
				INFOPLIST_KEY_UIApplicationSceneManifest_Generation = YES;
				INFOPLIST_KEY_UIApplicationSupportsIndirectInputEvents = YES;
				INFOPLIST_KEY_UILaunchScreen_Generation = YES;
				INFOPLIST_KEY_UISupportedInterfaceOrientations_iPad = "UIInterfaceOrientationPortrait UIInterfaceOrientationPortraitUpsideDown UIInterfaceOrientationLandscapeLeft UIInterfaceOrientationLandscapeRight";
				INFOPLIST_KEY_UISupportedInterfaceOrientations_iPhone = "UIInterfaceOrientationPortrait UIInterfaceOrientationLandscapeLeft UIInterfaceOrientationLandscapeRight";
				IPHONEOS_DEPLOYMENT_TARGET = 17.2;
				LD_RUNPATH_SEARCH_PATHS = (
					"$(inherited)",
					"@executable_path/Frameworks",
				);
				MACOSX_DEPLOYMENT_TARGET = 13.5;
				MARKETING_VERSION = 1.0;
				PRODUCT_BUNDLE_IDENTIFIER = "alancasasarevalo-gmail.com.Greetings-Mac";
				PRODUCT_NAME = "$(TARGET_NAME)";
				PROVISIONING_PROFILE_SPECIFIER = "";
				SDKROOT = iphoneos;
				SUPPORTED_PLATFORMS = macosx;
				SUPPORTS_MACCATALYST = NO;
				SUPPORTS_MAC_DESIGNED_FOR_IPHONE_IPAD = NO;
				SUPPORTS_XR_DESIGNED_FOR_IPHONE_IPAD = NO;
				SWIFT_EMIT_LOC_STRINGS = YES;
				SWIFT_VERSION = 5.0;
				VALIDATE_PRODUCT = YES;
			};
			name = Release;
		};
		C0C5C6062B725FF7003E3570 /* Debug */ = {
			isa = XCBuildConfiguration;
			buildSettings = {
				ALWAYS_SEARCH_USER_PATHS = NO;
				ASSETCATALOG_COMPILER_GENERATE_SWIFT_ASSET_SYMBOL_EXTENSIONS = YES;
				CLANG_ANALYZER_NONNULL = YES;
				CLANG_ANALYZER_NUMBER_OBJECT_CONVERSION = YES_AGGRESSIVE;
				CLANG_CXX_LANGUAGE_STANDARD = "gnu++20";
				CLANG_ENABLE_MODULES = YES;
				CLANG_ENABLE_OBJC_ARC = YES;
				CLANG_ENABLE_OBJC_WEAK = YES;
				CLANG_WARN_BLOCK_CAPTURE_AUTORELEASING = YES;
				CLANG_WARN_BOOL_CONVERSION = YES;
				CLANG_WARN_COMMA = YES;
				CLANG_WARN_CONSTANT_CONVERSION = YES;
				CLANG_WARN_DEPRECATED_OBJC_IMPLEMENTATIONS = YES;
				CLANG_WARN_DIRECT_OBJC_ISA_USAGE = YES_ERROR;
				CLANG_WARN_DOCUMENTATION_COMMENTS = YES;
				CLANG_WARN_EMPTY_BODY = YES;
				CLANG_WARN_ENUM_CONVERSION = YES;
				CLANG_WARN_INFINITE_RECURSION = YES;
				CLANG_WARN_INT_CONVERSION = YES;
				CLANG_WARN_NON_LITERAL_NULL_CONVERSION = YES;
				CLANG_WARN_OBJC_IMPLICIT_RETAIN_SELF = YES;
				CLANG_WARN_OBJC_LITERAL_CONVERSION = YES;
				CLANG_WARN_OBJC_ROOT_CLASS = YES_ERROR;
				CLANG_WARN_QUOTED_INCLUDE_IN_FRAMEWORK_HEADER = YES;
				CLANG_WARN_RANGE_LOOP_ANALYSIS = YES;
				CLANG_WARN_STRICT_PROTOTYPES = YES;
				CLANG_WARN_SUSPICIOUS_MOVE = YES;
				CLANG_WARN_UNGUARDED_AVAILABILITY = YES_AGGRESSIVE;
				CLANG_WARN_UNREACHABLE_CODE = YES;
				CLANG_WARN__DUPLICATE_METHOD_MATCH = YES;
				COPY_PHASE_STRIP = NO;
				DEBUG_INFORMATION_FORMAT = dwarf;
				ENABLE_STRICT_OBJC_MSGSEND = YES;
				ENABLE_TESTABILITY = YES;
				ENABLE_USER_SCRIPT_SANDBOXING = YES;
				GCC_C_LANGUAGE_STANDARD = gnu17;
				GCC_DYNAMIC_NO_PIC = NO;
				GCC_NO_COMMON_BLOCKS = YES;
				GCC_OPTIMIZATION_LEVEL = 0;
				GCC_PREPROCESSOR_DEFINITIONS = (
					"DEBUG=1",
					"$(inherited)",
				);
				GCC_WARN_64_TO_32_BIT_CONVERSION = YES;
				GCC_WARN_ABOUT_RETURN_TYPE = YES_ERROR;
				GCC_WARN_UNDECLARED_SELECTOR = YES;
				GCC_WARN_UNINITIALIZED_AUTOS = YES_AGGRESSIVE;
				GCC_WARN_UNUSED_FUNCTION = YES;
				GCC_WARN_UNUSED_VARIABLE = YES;
				LOCALIZATION_PREFERS_STRING_CATALOGS = YES;
				MTL_ENABLE_DEBUG_INFO = INCLUDE_SOURCE;
				MTL_FAST_MATH = YES;
				ONLY_ACTIVE_ARCH = YES;
				SWIFT_ACTIVE_COMPILATION_CONDITIONS = "DEBUG $(inherited)";
				SWIFT_OPTIMIZATION_LEVEL = "-Onone";
			};
			name = Debug;
		};
		C0C5C6072B725FF7003E3570 /* Release */ = {
			isa = XCBuildConfiguration;
			buildSettings = {
				ALWAYS_SEARCH_USER_PATHS = NO;
				ASSETCATALOG_COMPILER_GENERATE_SWIFT_ASSET_SYMBOL_EXTENSIONS = YES;
				CLANG_ANALYZER_NONNULL = YES;
				CLANG_ANALYZER_NUMBER_OBJECT_CONVERSION = YES_AGGRESSIVE;
				CLANG_CXX_LANGUAGE_STANDARD = "gnu++20";
				CLANG_ENABLE_MODULES = YES;
				CLANG_ENABLE_OBJC_ARC = YES;
				CLANG_ENABLE_OBJC_WEAK = YES;
				CLANG_WARN_BLOCK_CAPTURE_AUTORELEASING = YES;
				CLANG_WARN_BOOL_CONVERSION = YES;
				CLANG_WARN_COMMA = YES;
				CLANG_WARN_CONSTANT_CONVERSION = YES;
				CLANG_WARN_DEPRECATED_OBJC_IMPLEMENTATIONS = YES;
				CLANG_WARN_DIRECT_OBJC_ISA_USAGE = YES_ERROR;
				CLANG_WARN_DOCUMENTATION_COMMENTS = YES;
				CLANG_WARN_EMPTY_BODY = YES;
				CLANG_WARN_ENUM_CONVERSION = YES;
				CLANG_WARN_INFINITE_RECURSION = YES;
				CLANG_WARN_INT_CONVERSION = YES;
				CLANG_WARN_NON_LITERAL_NULL_CONVERSION = YES;
				CLANG_WARN_OBJC_IMPLICIT_RETAIN_SELF = YES;
				CLANG_WARN_OBJC_LITERAL_CONVERSION = YES;
				CLANG_WARN_OBJC_ROOT_CLASS = YES_ERROR;
				CLANG_WARN_QUOTED_INCLUDE_IN_FRAMEWORK_HEADER = YES;
				CLANG_WARN_RANGE_LOOP_ANALYSIS = YES;
				CLANG_WARN_STRICT_PROTOTYPES = YES;
				CLANG_WARN_SUSPICIOUS_MOVE = YES;
				CLANG_WARN_UNGUARDED_AVAILABILITY = YES_AGGRESSIVE;
				CLANG_WARN_UNREACHABLE_CODE = YES;
				CLANG_WARN__DUPLICATE_METHOD_MATCH = YES;
				COPY_PHASE_STRIP = NO;
				DEBUG_INFORMATION_FORMAT = "dwarf-with-dsym";
				ENABLE_NS_ASSERTIONS = NO;
				ENABLE_STRICT_OBJC_MSGSEND = YES;
				ENABLE_USER_SCRIPT_SANDBOXING = YES;
				GCC_C_LANGUAGE_STANDARD = gnu17;
				GCC_NO_COMMON_BLOCKS = YES;
				GCC_WARN_64_TO_32_BIT_CONVERSION = YES;
				GCC_WARN_ABOUT_RETURN_TYPE = YES_ERROR;
				GCC_WARN_UNDECLARED_SELECTOR = YES;
				GCC_WARN_UNINITIALIZED_AUTOS = YES_AGGRESSIVE;
				GCC_WARN_UNUSED_FUNCTION = YES;
				GCC_WARN_UNUSED_VARIABLE = YES;
				LOCALIZATION_PREFERS_STRING_CATALOGS = YES;
				MTL_ENABLE_DEBUG_INFO = NO;
				MTL_FAST_MATH = YES;
				SWIFT_COMPILATION_MODE = wholemodule;
			};
			name = Release;
		};
		C0C5C6092B725FF7003E3570 /* Debug */ = {
			isa = XCBuildConfiguration;
			buildSettings = {
				ASSETCATALOG_COMPILER_GLOBAL_ACCENT_COLOR_NAME = AccentColor;
				ASSETCATALOG_COMPILER_INCLUDE_ALL_APPICON_ASSETS = YES;
				CODE_SIGN_ENTITLEMENTS = Greetings/Greetings.entitlements;
				CODE_SIGN_STYLE = Manual;
				CURRENT_PROJECT_VERSION = 1;
				DEVELOPMENT_ASSET_PATHS = "\"Greetings/Preview Content\"";
				DEVELOPMENT_TEAM = "";
				ENABLE_HARDENED_RUNTIME = YES;
				ENABLE_PREVIEWS = YES;
				GENERATE_INFOPLIST_FILE = YES;
				"INFOPLIST_KEY_UIApplicationSceneManifest_Generation[sdk=iphoneos*]" = YES;
				"INFOPLIST_KEY_UIApplicationSceneManifest_Generation[sdk=iphonesimulator*]" = YES;
				"INFOPLIST_KEY_UIApplicationSupportsIndirectInputEvents[sdk=iphoneos*]" = YES;
				"INFOPLIST_KEY_UIApplicationSupportsIndirectInputEvents[sdk=iphonesimulator*]" = YES;
				"INFOPLIST_KEY_UILaunchScreen_Generation[sdk=iphoneos*]" = YES;
				"INFOPLIST_KEY_UILaunchScreen_Generation[sdk=iphonesimulator*]" = YES;
				INFOPLIST_KEY_UILaunchStoryboardName = "Launch Screen.storyboard";
				"INFOPLIST_KEY_UIStatusBarStyle[sdk=iphoneos*]" = UIStatusBarStyleDefault;
				"INFOPLIST_KEY_UIStatusBarStyle[sdk=iphonesimulator*]" = UIStatusBarStyleDefault;
				INFOPLIST_KEY_UISupportedInterfaceOrientations_iPad = "UIInterfaceOrientationPortrait UIInterfaceOrientationPortraitUpsideDown UIInterfaceOrientationLandscapeLeft UIInterfaceOrientationLandscapeRight";
				INFOPLIST_KEY_UISupportedInterfaceOrientations_iPhone = "UIInterfaceOrientationPortrait UIInterfaceOrientationLandscapeLeft UIInterfaceOrientationLandscapeRight";
				IPHONEOS_DEPLOYMENT_TARGET = 17.2;
				LD_RUNPATH_SEARCH_PATHS = "@executable_path/Frameworks";
				"LD_RUNPATH_SEARCH_PATHS[sdk=macosx*]" = "@executable_path/../Frameworks";
				MACOSX_DEPLOYMENT_TARGET = 13.6;
				MARKETING_VERSION = 1.0;
				PRODUCT_BUNDLE_IDENTIFIER = "alancasasarevalo-gmail.com.Greetings";
				PRODUCT_NAME = "$(TARGET_NAME)";
				PROVISIONING_PROFILE_SPECIFIER = "";
				SDKROOT = auto;
				SUPPORTED_PLATFORMS = "iphoneos iphonesimulator";
				SUPPORTS_MACCATALYST = NO;
				SWIFT_EMIT_LOC_STRINGS = YES;
				SWIFT_VERSION = 5.0;
				TARGETED_DEVICE_FAMILY = "1,2";
			};
			name = Debug;
		};
		C0C5C60A2B725FF7003E3570 /* Release */ = {
			isa = XCBuildConfiguration;
			buildSettings = {
				ASSETCATALOG_COMPILER_GLOBAL_ACCENT_COLOR_NAME = AccentColor;
				ASSETCATALOG_COMPILER_INCLUDE_ALL_APPICON_ASSETS = YES;
				CODE_SIGN_ENTITLEMENTS = Greetings/Greetings.entitlements;
				CODE_SIGN_STYLE = Manual;
				CURRENT_PROJECT_VERSION = 1;
				DEVELOPMENT_ASSET_PATHS = "\"Greetings/Preview Content\"";
				DEVELOPMENT_TEAM = "";
				ENABLE_HARDENED_RUNTIME = YES;
				ENABLE_PREVIEWS = YES;
				GENERATE_INFOPLIST_FILE = YES;
				"INFOPLIST_KEY_UIApplicationSceneManifest_Generation[sdk=iphoneos*]" = YES;
				"INFOPLIST_KEY_UIApplicationSceneManifest_Generation[sdk=iphonesimulator*]" = YES;
				"INFOPLIST_KEY_UIApplicationSupportsIndirectInputEvents[sdk=iphoneos*]" = YES;
				"INFOPLIST_KEY_UIApplicationSupportsIndirectInputEvents[sdk=iphonesimulator*]" = YES;
				"INFOPLIST_KEY_UILaunchScreen_Generation[sdk=iphoneos*]" = YES;
				"INFOPLIST_KEY_UILaunchScreen_Generation[sdk=iphonesimulator*]" = YES;
				INFOPLIST_KEY_UILaunchStoryboardName = "Launch Screen.storyboard";
				"INFOPLIST_KEY_UIStatusBarStyle[sdk=iphoneos*]" = UIStatusBarStyleDefault;
				"INFOPLIST_KEY_UIStatusBarStyle[sdk=iphonesimulator*]" = UIStatusBarStyleDefault;
				INFOPLIST_KEY_UISupportedInterfaceOrientations_iPad = "UIInterfaceOrientationPortrait UIInterfaceOrientationPortraitUpsideDown UIInterfaceOrientationLandscapeLeft UIInterfaceOrientationLandscapeRight";
				INFOPLIST_KEY_UISupportedInterfaceOrientations_iPhone = "UIInterfaceOrientationPortrait UIInterfaceOrientationLandscapeLeft UIInterfaceOrientationLandscapeRight";
				IPHONEOS_DEPLOYMENT_TARGET = 17.2;
				LD_RUNPATH_SEARCH_PATHS = "@executable_path/Frameworks";
				"LD_RUNPATH_SEARCH_PATHS[sdk=macosx*]" = "@executable_path/../Frameworks";
				MACOSX_DEPLOYMENT_TARGET = 13.6;
				MARKETING_VERSION = 1.0;
				PRODUCT_BUNDLE_IDENTIFIER = "alancasasarevalo-gmail.com.Greetings";
				PRODUCT_NAME = "$(TARGET_NAME)";
				PROVISIONING_PROFILE_SPECIFIER = "";
				SDKROOT = auto;
				SUPPORTED_PLATFORMS = "iphoneos iphonesimulator";
				SUPPORTS_MACCATALYST = NO;
				SWIFT_EMIT_LOC_STRINGS = YES;
				SWIFT_VERSION = 5.0;
				TARGETED_DEVICE_FAMILY = "1,2";
			};
			name = Release;
		};
/* End XCBuildConfiguration section */

/* Begin XCConfigurationList section */
		C00ED3EC2B73D7BE007073AE /* Build configuration list for PBXNativeTarget "Greetings_Mac" */ = {
			isa = XCConfigurationList;
			buildConfigurations = (
				C00ED3ED2B73D7BE007073AE /* Debug */,
				C00ED3EE2B73D7BE007073AE /* Release */,
			);
			defaultConfigurationIsVisible = 0;
			defaultConfigurationName = Release;
		};
		C0C5C5F42B725FF5003E3570 /* Build configuration list for PBXProject "Greetings" */ = {
			isa = XCConfigurationList;
			buildConfigurations = (
				C0C5C6062B725FF7003E3570 /* Debug */,
				C0C5C6072B725FF7003E3570 /* Release */,
			);
			defaultConfigurationIsVisible = 0;
			defaultConfigurationName = Release;
		};
		C0C5C6082B725FF7003E3570 /* Build configuration list for PBXNativeTarget "Greetings" */ = {
			isa = XCConfigurationList;
			buildConfigurations = (
				C0C5C6092B725FF7003E3570 /* Debug */,
				C0C5C60A2B725FF7003E3570 /* Release */,
			);
			defaultConfigurationIsVisible = 0;
			defaultConfigurationName = Release;
		};
/* End XCConfigurationList section */
	};
	rootObject = C0C5C5F12B725FF5003E3570 /* Project object */;
}
